// !$*UTF8*$!
{
	archiveVersion = 1;
	classes = {
	};
	objectVersion = 51;
	objects = {

/* Begin PBXBuildFile section */
		1DE832B46FC29FA9F6049B82 /* Pods_MovementAuth.framework in Frameworks */ = {isa = PBXBuildFile; fileRef = 3B04740058C60177B305C220 /* Pods_MovementAuth.framework */; };
		A13092A925EF205D007FF1BA /* AppDelegate.swift in Sources */ = {isa = PBXBuildFile; fileRef = A13092A825EF205D007FF1BA /* AppDelegate.swift */; };
		A13092AB25EF205D007FF1BA /* SceneDelegate.swift in Sources */ = {isa = PBXBuildFile; fileRef = A13092AA25EF205D007FF1BA /* SceneDelegate.swift */; };
		A13092AD25EF205D007FF1BA /* ViewController.swift in Sources */ = {isa = PBXBuildFile; fileRef = A13092AC25EF205D007FF1BA /* ViewController.swift */; };
		A13092B025EF205D007FF1BA /* Main.storyboard in Resources */ = {isa = PBXBuildFile; fileRef = A13092AE25EF205D007FF1BA /* Main.storyboard */; };
		A13092B225EF205F007FF1BA /* Assets.xcassets in Resources */ = {isa = PBXBuildFile; fileRef = A13092B125EF205F007FF1BA /* Assets.xcassets */; };
		A13092B525EF205F007FF1BA /* LaunchScreen.storyboard in Resources */ = {isa = PBXBuildFile; fileRef = A13092B325EF205F007FF1BA /* LaunchScreen.storyboard */; };
		A164B70A26339D050063F936 /* mov-Triangle.mp4 in Resources */ = {isa = PBXBuildFile; fileRef = A164B70426339D030063F936 /* mov-Triangle.mp4 */; };
		A164B70B26339D050063F936 /* mov-Diamond.mp4 in Resources */ = {isa = PBXBuildFile; fileRef = A164B70526339D040063F936 /* mov-Diamond.mp4 */; };
		A164B70C26339D050063F936 /* mov-S_Shape.mp4 in Resources */ = {isa = PBXBuildFile; fileRef = A164B70626339D040063F936 /* mov-S_Shape.mp4 */; };
		A164B70D26339D050063F936 /* mov-Circle.mp4 in Resources */ = {isa = PBXBuildFile; fileRef = A164B70726339D040063F936 /* mov-Circle.mp4 */; };
		A164B70E26339D050063F936 /* mov-Square.mp4 in Resources */ = {isa = PBXBuildFile; fileRef = A164B70826339D050063F936 /* mov-Square.mp4 */; };
		A164B7122633A0C40063F936 /* mov-Infinity.mp4 in Resources */ = {isa = PBXBuildFile; fileRef = A164B7112633A0C40063F936 /* mov-Infinity.mp4 */; };
		A186B1B72617D56B0085A9B3 /* PracticeController.swift in Sources */ = {isa = PBXBuildFile; fileRef = A186B1B62617D56B0085A9B3 /* PracticeController.swift */; };
		A186B1BC2617D57D0085A9B3 /* PracticePresenter.swift in Sources */ = {isa = PBXBuildFile; fileRef = A186B1BB2617D57D0085A9B3 /* PracticePresenter.swift */; };
		A186B1BF2617D5830085A9B3 /* Practice.swift in Sources */ = {isa = PBXBuildFile; fileRef = A186B1BE2617D5830085A9B3 /* Practice.swift */; };
		A186B1C22617D58E0085A9B3 /* PracticeController.storyboard in Resources */ = {isa = PBXBuildFile; fileRef = A186B1C12617D58E0085A9B3 /* PracticeController.storyboard */; };
		A1AF4A312618E09300EBFB90 /* PasswordController.swift in Sources */ = {isa = PBXBuildFile; fileRef = A1AF4A302618E09300EBFB90 /* PasswordController.swift */; };
		A1AF4A342618E09C00EBFB90 /* PasswordPresenter.swift in Sources */ = {isa = PBXBuildFile; fileRef = A1AF4A332618E09C00EBFB90 /* PasswordPresenter.swift */; };
		A1AF4A372618E0A400EBFB90 /* Password.swift in Sources */ = {isa = PBXBuildFile; fileRef = A1AF4A362618E0A400EBFB90 /* Password.swift */; };
		A1AF4A3A2618E0AF00EBFB90 /* PasswordController.storyboard in Resources */ = {isa = PBXBuildFile; fileRef = A1AF4A392618E0AF00EBFB90 /* PasswordController.storyboard */; };
		A1BCA78C25FC1E3300282868 /* TOTPAlgorithm.swift in Sources */ = {isa = PBXBuildFile; fileRef = A1BCA78B25FC1E3300282868 /* TOTPAlgorithm.swift */; };
		A1D126EA25F19F6B00E86084 /* TestMovementsController.storyboard in Resources */ = {isa = PBXBuildFile; fileRef = A1D126E925F19F6B00E86084 /* TestMovementsController.storyboard */; };
		A1D126ED25F19F7700E86084 /* TestMovements.swift in Sources */ = {isa = PBXBuildFile; fileRef = A1D126EC25F19F7700E86084 /* TestMovements.swift */; };
		A1D126F025F19F8800E86084 /* TestMovementsPresenter.swift in Sources */ = {isa = PBXBuildFile; fileRef = A1D126EF25F19F8800E86084 /* TestMovementsPresenter.swift */; };
		A1D126F425F19F9300E86084 /* TestMovementsController.swift in Sources */ = {isa = PBXBuildFile; fileRef = A1D126F325F19F9300E86084 /* TestMovementsController.swift */; };
		A1EA68F625EF39EE008D0066 /* CommonUtils.swift in Sources */ = {isa = PBXBuildFile; fileRef = A1EA68F525EF39EE008D0066 /* CommonUtils.swift */; };
		A1EA68FD25EF3A9A008D0066 /* Base.swift in Sources */ = {isa = PBXBuildFile; fileRef = A1EA68FC25EF3A9A008D0066 /* Base.swift */; };
		A1EA690125EF3AB4008D0066 /* BasePresenter.swift in Sources */ = {isa = PBXBuildFile; fileRef = A1EA690025EF3AB4008D0066 /* BasePresenter.swift */; };
		A1EA690525EF3AD7008D0066 /* BaseController.swift in Sources */ = {isa = PBXBuildFile; fileRef = A1EA690425EF3AD7008D0066 /* BaseController.swift */; };
		A1EA690825EF3B5C008D0066 /* Home.swift in Sources */ = {isa = PBXBuildFile; fileRef = A1EA690725EF3B5C008D0066 /* Home.swift */; };
		A1EA690B25EF3B66008D0066 /* HomePresenter.swift in Sources */ = {isa = PBXBuildFile; fileRef = A1EA690A25EF3B66008D0066 /* HomePresenter.swift */; };
		A1EA690E25EF3B70008D0066 /* HomeController.swift in Sources */ = {isa = PBXBuildFile; fileRef = A1EA690D25EF3B70008D0066 /* HomeController.swift */; };
		A1EA691125EF3C55008D0066 /* HomeController.storyboard in Resources */ = {isa = PBXBuildFile; fileRef = A1EA691025EF3C55008D0066 /* HomeController.storyboard */; };
/* End PBXBuildFile section */

/* Begin PBXFileReference section */
		18E96597B8A11BB6D8D8825A /* Pods-MovementAuth.debug.xcconfig */ = {isa = PBXFileReference; includeInIndex = 1; lastKnownFileType = text.xcconfig; name = "Pods-MovementAuth.debug.xcconfig"; path = "Target Support Files/Pods-MovementAuth/Pods-MovementAuth.debug.xcconfig"; sourceTree = "<group>"; };
		3B04740058C60177B305C220 /* Pods_MovementAuth.framework */ = {isa = PBXFileReference; explicitFileType = wrapper.framework; includeInIndex = 0; path = Pods_MovementAuth.framework; sourceTree = BUILT_PRODUCTS_DIR; };
		781C009F33FCE8375D6183B3 /* Pods-MovementAuth.release.xcconfig */ = {isa = PBXFileReference; includeInIndex = 1; lastKnownFileType = text.xcconfig; name = "Pods-MovementAuth.release.xcconfig"; path = "Target Support Files/Pods-MovementAuth/Pods-MovementAuth.release.xcconfig"; sourceTree = "<group>"; };
		A13092A525EF205D007FF1BA /* MovementAuth.app */ = {isa = PBXFileReference; explicitFileType = wrapper.application; includeInIndex = 0; path = MovementAuth.app; sourceTree = BUILT_PRODUCTS_DIR; };
		A13092A825EF205D007FF1BA /* AppDelegate.swift */ = {isa = PBXFileReference; lastKnownFileType = sourcecode.swift; path = AppDelegate.swift; sourceTree = "<group>"; };
		A13092AA25EF205D007FF1BA /* SceneDelegate.swift */ = {isa = PBXFileReference; lastKnownFileType = sourcecode.swift; path = SceneDelegate.swift; sourceTree = "<group>"; };
		A13092AC25EF205D007FF1BA /* ViewController.swift */ = {isa = PBXFileReference; lastKnownFileType = sourcecode.swift; path = ViewController.swift; sourceTree = "<group>"; };
		A13092AF25EF205D007FF1BA /* Base */ = {isa = PBXFileReference; lastKnownFileType = file.storyboard; name = Base; path = Base.lproj/Main.storyboard; sourceTree = "<group>"; };
		A13092B125EF205F007FF1BA /* Assets.xcassets */ = {isa = PBXFileReference; lastKnownFileType = folder.assetcatalog; path = Assets.xcassets; sourceTree = "<group>"; };
		A13092B425EF205F007FF1BA /* Base */ = {isa = PBXFileReference; lastKnownFileType = file.storyboard; name = Base; path = Base.lproj/LaunchScreen.storyboard; sourceTree = "<group>"; };
		A13092B625EF205F007FF1BA /* Info.plist */ = {isa = PBXFileReference; lastKnownFileType = text.plist.xml; path = Info.plist; sourceTree = "<group>"; };
		A164B70426339D030063F936 /* mov-Triangle.mp4 */ = {isa = PBXFileReference; lastKnownFileType = file; path = "mov-Triangle.mp4"; sourceTree = "<group>"; };
		A164B70526339D040063F936 /* mov-Diamond.mp4 */ = {isa = PBXFileReference; lastKnownFileType = file; path = "mov-Diamond.mp4"; sourceTree = "<group>"; };
		A164B70626339D040063F936 /* mov-S_Shape.mp4 */ = {isa = PBXFileReference; lastKnownFileType = file; path = "mov-S_Shape.mp4"; sourceTree = "<group>"; };
		A164B70726339D040063F936 /* mov-Circle.mp4 */ = {isa = PBXFileReference; lastKnownFileType = file; path = "mov-Circle.mp4"; sourceTree = "<group>"; };
		A164B70826339D050063F936 /* mov-Square.mp4 */ = {isa = PBXFileReference; lastKnownFileType = file; path = "mov-Square.mp4"; sourceTree = "<group>"; };
		A164B7112633A0C40063F936 /* mov-Infinity.mp4 */ = {isa = PBXFileReference; lastKnownFileType = file; path = "mov-Infinity.mp4"; sourceTree = "<group>"; };
		A186B1B62617D56B0085A9B3 /* PracticeController.swift */ = {isa = PBXFileReference; lastKnownFileType = sourcecode.swift; path = PracticeController.swift; sourceTree = "<group>"; };
		A186B1BB2617D57D0085A9B3 /* PracticePresenter.swift */ = {isa = PBXFileReference; lastKnownFileType = sourcecode.swift; path = PracticePresenter.swift; sourceTree = "<group>"; };
		A186B1BE2617D5830085A9B3 /* Practice.swift */ = {isa = PBXFileReference; lastKnownFileType = sourcecode.swift; path = Practice.swift; sourceTree = "<group>"; };
		A186B1C12617D58E0085A9B3 /* PracticeController.storyboard */ = {isa = PBXFileReference; lastKnownFileType = file.storyboard; path = PracticeController.storyboard; sourceTree = "<group>"; };
		A1AF4A302618E09300EBFB90 /* PasswordController.swift */ = {isa = PBXFileReference; lastKnownFileType = sourcecode.swift; path = PasswordController.swift; sourceTree = "<group>"; };
		A1AF4A332618E09C00EBFB90 /* PasswordPresenter.swift */ = {isa = PBXFileReference; lastKnownFileType = sourcecode.swift; path = PasswordPresenter.swift; sourceTree = "<group>"; };
		A1AF4A362618E0A400EBFB90 /* Password.swift */ = {isa = PBXFileReference; lastKnownFileType = sourcecode.swift; path = Password.swift; sourceTree = "<group>"; };
		A1AF4A392618E0AF00EBFB90 /* PasswordController.storyboard */ = {isa = PBXFileReference; lastKnownFileType = file.storyboard; path = PasswordController.storyboard; sourceTree = "<group>"; };
		A1BCA78B25FC1E3300282868 /* TOTPAlgorithm.swift */ = {isa = PBXFileReference; lastKnownFileType = sourcecode.swift; path = TOTPAlgorithm.swift; sourceTree = "<group>"; };
		A1D126E925F19F6B00E86084 /* TestMovementsController.storyboard */ = {isa = PBXFileReference; lastKnownFileType = file.storyboard; path = TestMovementsController.storyboard; sourceTree = "<group>"; };
		A1D126EC25F19F7700E86084 /* TestMovements.swift */ = {isa = PBXFileReference; lastKnownFileType = sourcecode.swift; path = TestMovements.swift; sourceTree = "<group>"; };
		A1D126EF25F19F8800E86084 /* TestMovementsPresenter.swift */ = {isa = PBXFileReference; lastKnownFileType = sourcecode.swift; path = TestMovementsPresenter.swift; sourceTree = "<group>"; };
		A1D126F325F19F9300E86084 /* TestMovementsController.swift */ = {isa = PBXFileReference; lastKnownFileType = sourcecode.swift; path = TestMovementsController.swift; sourceTree = "<group>"; };
		A1EA68F525EF39EE008D0066 /* CommonUtils.swift */ = {isa = PBXFileReference; lastKnownFileType = sourcecode.swift; path = CommonUtils.swift; sourceTree = "<group>"; };
		A1EA68FC25EF3A9A008D0066 /* Base.swift */ = {isa = PBXFileReference; lastKnownFileType = sourcecode.swift; path = Base.swift; sourceTree = "<group>"; };
		A1EA690025EF3AB4008D0066 /* BasePresenter.swift */ = {isa = PBXFileReference; lastKnownFileType = sourcecode.swift; path = BasePresenter.swift; sourceTree = "<group>"; };
		A1EA690425EF3AD7008D0066 /* BaseController.swift */ = {isa = PBXFileReference; lastKnownFileType = sourcecode.swift; path = BaseController.swift; sourceTree = "<group>"; };
		A1EA690725EF3B5C008D0066 /* Home.swift */ = {isa = PBXFileReference; lastKnownFileType = sourcecode.swift; path = Home.swift; sourceTree = "<group>"; };
		A1EA690A25EF3B66008D0066 /* HomePresenter.swift */ = {isa = PBXFileReference; lastKnownFileType = sourcecode.swift; path = HomePresenter.swift; sourceTree = "<group>"; };
		A1EA690D25EF3B70008D0066 /* HomeController.swift */ = {isa = PBXFileReference; lastKnownFileType = sourcecode.swift; path = HomeController.swift; sourceTree = "<group>"; };
		A1EA691025EF3C55008D0066 /* HomeController.storyboard */ = {isa = PBXFileReference; lastKnownFileType = file.storyboard; path = HomeController.storyboard; sourceTree = "<group>"; };
/* End PBXFileReference section */

/* Begin PBXFrameworksBuildPhase section */
		A13092A225EF205D007FF1BA /* Frameworks */ = {
			isa = PBXFrameworksBuildPhase;
			buildActionMask = 2147483647;
			files = (
				1DE832B46FC29FA9F6049B82 /* Pods_MovementAuth.framework in Frameworks */,
			);
			runOnlyForDeploymentPostprocessing = 0;
		};
/* End PBXFrameworksBuildPhase section */

/* Begin PBXGroup section */
		28427B13AC5870FB4474B207 /* Pods */ = {
			isa = PBXGroup;
			children = (
				18E96597B8A11BB6D8D8825A /* Pods-MovementAuth.debug.xcconfig */,
				781C009F33FCE8375D6183B3 /* Pods-MovementAuth.release.xcconfig */,
			);
			path = Pods;
			sourceTree = "<group>";
		};
		8EB0D8F9C71FFE06CD562F29 /* Frameworks */ = {
			isa = PBXGroup;
			children = (
				3B04740058C60177B305C220 /* Pods_MovementAuth.framework */,
			);
			name = Frameworks;
			sourceTree = "<group>";
		};
		A130929C25EF205D007FF1BA = {
			isa = PBXGroup;
			children = (
				A13092A725EF205D007FF1BA /* MovementAuth */,
				A13092A625EF205D007FF1BA /* Products */,
				28427B13AC5870FB4474B207 /* Pods */,
				8EB0D8F9C71FFE06CD562F29 /* Frameworks */,
			);
			sourceTree = "<group>";
		};
		A13092A625EF205D007FF1BA /* Products */ = {
			isa = PBXGroup;
			children = (
				A13092A525EF205D007FF1BA /* MovementAuth.app */,
			);
			name = Products;
			sourceTree = "<group>";
		};
		A13092A725EF205D007FF1BA /* MovementAuth */ = {
			isa = PBXGroup;
			children = (
				A164B6FC263372CB0063F936 /* assets */,
				A1EA68F925EF3A4D008D0066 /* views */,
				A1EA68F425EF39D8008D0066 /* utils */,
				A13092A825EF205D007FF1BA /* AppDelegate.swift */,
				A13092AA25EF205D007FF1BA /* SceneDelegate.swift */,
				A13092AC25EF205D007FF1BA /* ViewController.swift */,
				A13092AE25EF205D007FF1BA /* Main.storyboard */,
				A13092B125EF205F007FF1BA /* Assets.xcassets */,
				A13092B325EF205F007FF1BA /* LaunchScreen.storyboard */,
				A13092B625EF205F007FF1BA /* Info.plist */,
			);
			path = MovementAuth;
			sourceTree = "<group>";
		};
		A164B6FC263372CB0063F936 /* assets */ = {
			isa = PBXGroup;
			children = (
				A164B70726339D040063F936 /* mov-Circle.mp4 */,
				A164B70526339D040063F936 /* mov-Diamond.mp4 */,
				A164B7112633A0C40063F936 /* mov-Infinity.mp4 */,
				A164B70626339D040063F936 /* mov-S_Shape.mp4 */,
				A164B70826339D050063F936 /* mov-Square.mp4 */,
				A164B70426339D030063F936 /* mov-Triangle.mp4 */,
			);
			path = assets;
			sourceTree = "<group>";
		};
		A186B1B52617D5340085A9B3 /* practice */ = {
			isa = PBXGroup;
			children = (
				A186B1B62617D56B0085A9B3 /* PracticeController.swift */,
				A186B1BB2617D57D0085A9B3 /* PracticePresenter.swift */,
				A186B1BE2617D5830085A9B3 /* Practice.swift */,
				A186B1C12617D58E0085A9B3 /* PracticeController.storyboard */,
			);
			path = practice;
			sourceTree = "<group>";
		};
		A1AF4A2F2618E07E00EBFB90 /* password */ = {
			isa = PBXGroup;
			children = (
				A1AF4A302618E09300EBFB90 /* PasswordController.swift */,
				A1AF4A332618E09C00EBFB90 /* PasswordPresenter.swift */,
				A1AF4A362618E0A400EBFB90 /* Password.swift */,
				A1AF4A392618E0AF00EBFB90 /* PasswordController.storyboard */,
			);
			path = password;
			sourceTree = "<group>";
		};
		A1D126E825F19F4C00E86084 /* testMovements */ = {
			isa = PBXGroup;
			children = (
				A1D126E925F19F6B00E86084 /* TestMovementsController.storyboard */,
				A1D126EC25F19F7700E86084 /* TestMovements.swift */,
				A1D126EF25F19F8800E86084 /* TestMovementsPresenter.swift */,
				A1D126F325F19F9300E86084 /* TestMovementsController.swift */,
			);
			path = testMovements;
			sourceTree = "<group>";
		};
		A1EA68F425EF39D8008D0066 /* utils */ = {
			isa = PBXGroup;
			children = (
				A1EA68F525EF39EE008D0066 /* CommonUtils.swift */,
				A1BCA78B25FC1E3300282868 /* TOTPAlgorithm.swift */,
			);
			path = utils;
			sourceTree = "<group>";
		};
		A1EA68F925EF3A4D008D0066 /* views */ = {
			isa = PBXGroup;
			children = (
				A1AF4A2F2618E07E00EBFB90 /* password */,
				A186B1B52617D5340085A9B3 /* practice */,
				A1D126E825F19F4C00E86084 /* testMovements */,
				A1EA68FB25EF3A92008D0066 /* base */,
				A1EA68FA25EF3A63008D0066 /* home */,
			);
			path = views;
			sourceTree = "<group>";
		};
		A1EA68FA25EF3A63008D0066 /* home */ = {
			isa = PBXGroup;
			children = (
				A1EA690725EF3B5C008D0066 /* Home.swift */,
				A1EA690A25EF3B66008D0066 /* HomePresenter.swift */,
				A1EA690D25EF3B70008D0066 /* HomeController.swift */,
				A1EA691025EF3C55008D0066 /* HomeController.storyboard */,
			);
			path = home;
			sourceTree = "<group>";
		};
		A1EA68FB25EF3A92008D0066 /* base */ = {
			isa = PBXGroup;
			children = (
				A1EA68FC25EF3A9A008D0066 /* Base.swift */,
				A1EA690025EF3AB4008D0066 /* BasePresenter.swift */,
				A1EA690425EF3AD7008D0066 /* BaseController.swift */,
			);
			path = base;
			sourceTree = "<group>";
		};
/* End PBXGroup section */

/* Begin PBXNativeTarget section */
		A13092A425EF205D007FF1BA /* MovementAuth */ = {
			isa = PBXNativeTarget;
			buildConfigurationList = A13092B925EF205F007FF1BA /* Build configuration list for PBXNativeTarget "MovementAuth" */;
			buildPhases = (
				14FFC5364B89338EC13C494A /* [CP] Check Pods Manifest.lock */,
				A13092A125EF205D007FF1BA /* Sources */,
				A13092A225EF205D007FF1BA /* Frameworks */,
				A13092A325EF205D007FF1BA /* Resources */,
				7E227694828F6743226035DF /* [CP] Embed Pods Frameworks */,
			);
			buildRules = (
			);
			dependencies = (
			);
			name = MovementAuth;
			productName = MovementAuth;
			productReference = A13092A525EF205D007FF1BA /* MovementAuth.app */;
			productType = "com.apple.product-type.application";
		};
/* End PBXNativeTarget section */

/* Begin PBXProject section */
		A130929D25EF205D007FF1BA /* Project object */ = {
			isa = PBXProject;
			attributes = {
				LastSwiftUpdateCheck = 1240;
				LastUpgradeCheck = 1240;
				TargetAttributes = {
					A13092A425EF205D007FF1BA = {
						CreatedOnToolsVersion = 12.4;
					};
				};
			};
			buildConfigurationList = A13092A025EF205D007FF1BA /* Build configuration list for PBXProject "MovementAuth" */;
			compatibilityVersion = "Xcode 9.3";
			developmentRegion = en;
			hasScannedForEncodings = 0;
			knownRegions = (
				en,
				Base,
			);
			mainGroup = A130929C25EF205D007FF1BA;
			productRefGroup = A13092A625EF205D007FF1BA /* Products */;
			projectDirPath = "";
			projectRoot = "";
			targets = (
				A13092A425EF205D007FF1BA /* MovementAuth */,
			);
		};
/* End PBXProject section */

/* Begin PBXResourcesBuildPhase section */
		A13092A325EF205D007FF1BA /* Resources */ = {
			isa = PBXResourcesBuildPhase;
			buildActionMask = 2147483647;
			files = (
				A1D126EA25F19F6B00E86084 /* TestMovementsController.storyboard in Resources */,
				A13092B525EF205F007FF1BA /* LaunchScreen.storyboard in Resources */,
				A164B70C26339D050063F936 /* mov-S_Shape.mp4 in Resources */,
				A1AF4A3A2618E0AF00EBFB90 /* PasswordController.storyboard in Resources */,
				A13092B225EF205F007FF1BA /* Assets.xcassets in Resources */,
				A164B70B26339D050063F936 /* mov-Diamond.mp4 in Resources */,
				A186B1C22617D58E0085A9B3 /* PracticeController.storyboard in Resources */,
				A164B70E26339D050063F936 /* mov-Square.mp4 in Resources */,
				A164B70A26339D050063F936 /* mov-Triangle.mp4 in Resources */,
				A13092B025EF205D007FF1BA /* Main.storyboard in Resources */,
				A164B70D26339D050063F936 /* mov-Circle.mp4 in Resources */,
				A1EA691125EF3C55008D0066 /* HomeController.storyboard in Resources */,
				A164B7122633A0C40063F936 /* mov-Infinity.mp4 in Resources */,
			);
			runOnlyForDeploymentPostprocessing = 0;
		};
/* End PBXResourcesBuildPhase section */

/* Begin PBXShellScriptBuildPhase section */
		14FFC5364B89338EC13C494A /* [CP] Check Pods Manifest.lock */ = {
			isa = PBXShellScriptBuildPhase;
			buildActionMask = 2147483647;
			files = (
			);
			inputFileListPaths = (
			);
			inputPaths = (
				"${PODS_PODFILE_DIR_PATH}/Podfile.lock",
				"${PODS_ROOT}/Manifest.lock",
			);
			name = "[CP] Check Pods Manifest.lock";
			outputFileListPaths = (
			);
			outputPaths = (
				"$(DERIVED_FILE_DIR)/Pods-MovementAuth-checkManifestLockResult.txt",
			);
			runOnlyForDeploymentPostprocessing = 0;
			shellPath = /bin/sh;
			shellScript = "diff \"${PODS_PODFILE_DIR_PATH}/Podfile.lock\" \"${PODS_ROOT}/Manifest.lock\" > /dev/null\nif [ $? != 0 ] ; then\n    # print error to STDERR\n    echo \"error: The sandbox is not in sync with the Podfile.lock. Run 'pod install' or update your CocoaPods installation.\" >&2\n    exit 1\nfi\n# This output is used by Xcode 'outputs' to avoid re-running this script phase.\necho \"SUCCESS\" > \"${SCRIPT_OUTPUT_FILE_0}\"\n";
			showEnvVarsInLog = 0;
		};
		7E227694828F6743226035DF /* [CP] Embed Pods Frameworks */ = {
			isa = PBXShellScriptBuildPhase;
			buildActionMask = 2147483647;
			files = (
			);
			inputFileListPaths = (
				"${PODS_ROOT}/Target Support Files/Pods-MovementAuth/Pods-MovementAuth-frameworks-${CONFIGURATION}-input-files.xcfilelist",
			);
			name = "[CP] Embed Pods Frameworks";
			outputFileListPaths = (
				"${PODS_ROOT}/Target Support Files/Pods-MovementAuth/Pods-MovementAuth-frameworks-${CONFIGURATION}-output-files.xcfilelist",
			);
			runOnlyForDeploymentPostprocessing = 0;
			shellPath = /bin/sh;
			shellScript = "\"${PODS_ROOT}/Target Support Files/Pods-MovementAuth/Pods-MovementAuth-frameworks.sh\"\n";
			showEnvVarsInLog = 0;
		};
/* End PBXShellScriptBuildPhase section */

/* Begin PBXSourcesBuildPhase section */
		A13092A125EF205D007FF1BA /* Sources */ = {
			isa = PBXSourcesBuildPhase;
			buildActionMask = 2147483647;
			files = (
				A13092AD25EF205D007FF1BA /* ViewController.swift in Sources */,
				A1D126F025F19F8800E86084 /* TestMovementsPresenter.swift in Sources */,
				A186B1B72617D56B0085A9B3 /* PracticeController.swift in Sources */,
				A1D126F425F19F9300E86084 /* TestMovementsController.swift in Sources */,
				A1EA690125EF3AB4008D0066 /* BasePresenter.swift in Sources */,
				A186B1BC2617D57D0085A9B3 /* PracticePresenter.swift in Sources */,
				A1D126ED25F19F7700E86084 /* TestMovements.swift in Sources */,
				A1EA690525EF3AD7008D0066 /* BaseController.swift in Sources */,
				A1AF4A372618E0A400EBFB90 /* Password.swift in Sources */,
				A13092A925EF205D007FF1BA /* AppDelegate.swift in Sources */,
				A186B1BF2617D5830085A9B3 /* Practice.swift in Sources */,
				A1EA690E25EF3B70008D0066 /* HomeController.swift in Sources */,
				A1EA68FD25EF3A9A008D0066 /* Base.swift in Sources */,
				A1EA68F625EF39EE008D0066 /* CommonUtils.swift in Sources */,
				A1BCA78C25FC1E3300282868 /* TOTPAlgorithm.swift in Sources */,
				A1AF4A312618E09300EBFB90 /* PasswordController.swift in Sources */,
				A1EA690B25EF3B66008D0066 /* HomePresenter.swift in Sources */,
				A1EA690825EF3B5C008D0066 /* Home.swift in Sources */,
				A1AF4A342618E09C00EBFB90 /* PasswordPresenter.swift in Sources */,
				A13092AB25EF205D007FF1BA /* SceneDelegate.swift in Sources */,
			);
			runOnlyForDeploymentPostprocessing = 0;
		};
/* End PBXSourcesBuildPhase section */

/* Begin PBXVariantGroup section */
		A13092AE25EF205D007FF1BA /* Main.storyboard */ = {
			isa = PBXVariantGroup;
			children = (
				A13092AF25EF205D007FF1BA /* Base */,
			);
			name = Main.storyboard;
			sourceTree = "<group>";
		};
		A13092B325EF205F007FF1BA /* LaunchScreen.storyboard */ = {
			isa = PBXVariantGroup;
			children = (
				A13092B425EF205F007FF1BA /* Base */,
			);
			name = LaunchScreen.storyboard;
			sourceTree = "<group>";
		};
/* End PBXVariantGroup section */

/* Begin XCBuildConfiguration section */
		A13092B725EF205F007FF1BA /* Debug */ = {
			isa = XCBuildConfiguration;
			buildSettings = {
				ALWAYS_SEARCH_USER_PATHS = NO;
				CLANG_ANALYZER_NONNULL = YES;
				CLANG_ANALYZER_NUMBER_OBJECT_CONVERSION = YES_AGGRESSIVE;
				CLANG_CXX_LANGUAGE_STANDARD = "gnu++14";
				CLANG_CXX_LIBRARY = "libc++";
				CLANG_ENABLE_MODULES = YES;
				CLANG_ENABLE_OBJC_ARC = YES;
				CLANG_ENABLE_OBJC_WEAK = YES;
				CLANG_WARN_BLOCK_CAPTURE_AUTORELEASING = YES;
				CLANG_WARN_BOOL_CONVERSION = YES;
				CLANG_WARN_COMMA = YES;
				CLANG_WARN_CONSTANT_CONVERSION = YES;
				CLANG_WARN_DEPRECATED_OBJC_IMPLEMENTATIONS = YES;
				CLANG_WARN_DIRECT_OBJC_ISA_USAGE = YES_ERROR;
				CLANG_WARN_DOCUMENTATION_COMMENTS = YES;
				CLANG_WARN_EMPTY_BODY = YES;
				CLANG_WARN_ENUM_CONVERSION = YES;
				CLANG_WARN_INFINITE_RECURSION = YES;
				CLANG_WARN_INT_CONVERSION = YES;
				CLANG_WARN_NON_LITERAL_NULL_CONVERSION = YES;
				CLANG_WARN_OBJC_IMPLICIT_RETAIN_SELF = YES;
				CLANG_WARN_OBJC_LITERAL_CONVERSION = YES;
				CLANG_WARN_OBJC_ROOT_CLASS = YES_ERROR;
				CLANG_WARN_QUOTED_INCLUDE_IN_FRAMEWORK_HEADER = YES;
				CLANG_WARN_RANGE_LOOP_ANALYSIS = YES;
				CLANG_WARN_STRICT_PROTOTYPES = YES;
				CLANG_WARN_SUSPICIOUS_MOVE = YES;
				CLANG_WARN_UNGUARDED_AVAILABILITY = YES_AGGRESSIVE;
				CLANG_WARN_UNREACHABLE_CODE = YES;
				CLANG_WARN__DUPLICATE_METHOD_MATCH = YES;
				COPY_PHASE_STRIP = NO;
				DEBUG_INFORMATION_FORMAT = dwarf;
				ENABLE_STRICT_OBJC_MSGSEND = YES;
				ENABLE_TESTABILITY = YES;
				GCC_C_LANGUAGE_STANDARD = gnu11;
				GCC_DYNAMIC_NO_PIC = NO;
				GCC_NO_COMMON_BLOCKS = YES;
				GCC_OPTIMIZATION_LEVEL = 0;
				GCC_PREPROCESSOR_DEFINITIONS = (
					"DEBUG=1",
					"$(inherited)",
				);
				GCC_WARN_64_TO_32_BIT_CONVERSION = YES;
				GCC_WARN_ABOUT_RETURN_TYPE = YES_ERROR;
				GCC_WARN_UNDECLARED_SELECTOR = YES;
				GCC_WARN_UNINITIALIZED_AUTOS = YES_AGGRESSIVE;
				GCC_WARN_UNUSED_FUNCTION = YES;
				GCC_WARN_UNUSED_VARIABLE = YES;
				IPHONEOS_DEPLOYMENT_TARGET = 14.4;
				MTL_ENABLE_DEBUG_INFO = INCLUDE_SOURCE;
				MTL_FAST_MATH = YES;
				ONLY_ACTIVE_ARCH = YES;
				SDKROOT = iphoneos;
				SWIFT_ACTIVE_COMPILATION_CONDITIONS = DEBUG;
				SWIFT_OPTIMIZATION_LEVEL = "-Onone";
			};
			name = Debug;
		};
		A13092B825EF205F007FF1BA /* Release */ = {
			isa = XCBuildConfiguration;
			buildSettings = {
				ALWAYS_SEARCH_USER_PATHS = NO;
				CLANG_ANALYZER_NONNULL = YES;
				CLANG_ANALYZER_NUMBER_OBJECT_CONVERSION = YES_AGGRESSIVE;
				CLANG_CXX_LANGUAGE_STANDARD = "gnu++14";
				CLANG_CXX_LIBRARY = "libc++";
				CLANG_ENABLE_MODULES = YES;
				CLANG_ENABLE_OBJC_ARC = YES;
				CLANG_ENABLE_OBJC_WEAK = YES;
				CLANG_WARN_BLOCK_CAPTURE_AUTORELEASING = YES;
				CLANG_WARN_BOOL_CONVERSION = YES;
				CLANG_WARN_COMMA = YES;
				CLANG_WARN_CONSTANT_CONVERSION = YES;
				CLANG_WARN_DEPRECATED_OBJC_IMPLEMENTATIONS = YES;
				CLANG_WARN_DIRECT_OBJC_ISA_USAGE = YES_ERROR;
				CLANG_WARN_DOCUMENTATION_COMMENTS = YES;
				CLANG_WARN_EMPTY_BODY = YES;
				CLANG_WARN_ENUM_CONVERSION = YES;
				CLANG_WARN_INFINITE_RECURSION = YES;
				CLANG_WARN_INT_CONVERSION = YES;
				CLANG_WARN_NON_LITERAL_NULL_CONVERSION = YES;
				CLANG_WARN_OBJC_IMPLICIT_RETAIN_SELF = YES;
				CLANG_WARN_OBJC_LITERAL_CONVERSION = YES;
				CLANG_WARN_OBJC_ROOT_CLASS = YES_ERROR;
				CLANG_WARN_QUOTED_INCLUDE_IN_FRAMEWORK_HEADER = YES;
				CLANG_WARN_RANGE_LOOP_ANALYSIS = YES;
				CLANG_WARN_STRICT_PROTOTYPES = YES;
				CLANG_WARN_SUSPICIOUS_MOVE = YES;
				CLANG_WARN_UNGUARDED_AVAILABILITY = YES_AGGRESSIVE;
				CLANG_WARN_UNREACHABLE_CODE = YES;
				CLANG_WARN__DUPLICATE_METHOD_MATCH = YES;
				COPY_PHASE_STRIP = NO;
				DEBUG_INFORMATION_FORMAT = "dwarf-with-dsym";
				ENABLE_NS_ASSERTIONS = NO;
				ENABLE_STRICT_OBJC_MSGSEND = YES;
				GCC_C_LANGUAGE_STANDARD = gnu11;
				GCC_NO_COMMON_BLOCKS = YES;
				GCC_WARN_64_TO_32_BIT_CONVERSION = YES;
				GCC_WARN_ABOUT_RETURN_TYPE = YES_ERROR;
				GCC_WARN_UNDECLARED_SELECTOR = YES;
				GCC_WARN_UNINITIALIZED_AUTOS = YES_AGGRESSIVE;
				GCC_WARN_UNUSED_FUNCTION = YES;
				GCC_WARN_UNUSED_VARIABLE = YES;
				IPHONEOS_DEPLOYMENT_TARGET = 14.4;
				MTL_ENABLE_DEBUG_INFO = NO;
				MTL_FAST_MATH = YES;
				SDKROOT = iphoneos;
				SWIFT_COMPILATION_MODE = wholemodule;
				SWIFT_OPTIMIZATION_LEVEL = "-O";
				VALIDATE_PRODUCT = YES;
			};
			name = Release;
		};
		A13092BA25EF205F007FF1BA /* Debug */ = {
			isa = XCBuildConfiguration;
			baseConfigurationReference = 18E96597B8A11BB6D8D8825A /* Pods-MovementAuth.debug.xcconfig */;
			buildSettings = {
				ASSETCATALOG_COMPILER_APPICON_NAME = AppIcon;
				ASSETCATALOG_COMPILER_GLOBAL_ACCENT_COLOR_NAME = AccentColor;
				CODE_SIGN_STYLE = Automatic;
				CURRENT_PROJECT_VERSION = 5;
				DEVELOPMENT_TEAM = 8593R643V2;
				INFOPLIST_FILE = MovementAuth/Info.plist;
				IPHONEOS_DEPLOYMENT_TARGET = 14.5;
				LD_RUNPATH_SEARCH_PATHS = (
					"$(inherited)",
					"@executable_path/Frameworks",
				);
				PRODUCT_BUNDLE_IDENTIFIER = com.donguspino.movementauth;
				PRODUCT_NAME = "$(TARGET_NAME)";
				SWIFT_VERSION = 4.0;
				TARGETED_DEVICE_FAMILY = 1;
			};
			name = Debug;
		};
		A13092BB25EF205F007FF1BA /* Release */ = {
			isa = XCBuildConfiguration;
			baseConfigurationReference = 781C009F33FCE8375D6183B3 /* Pods-MovementAuth.release.xcconfig */;
			buildSettings = {
				ASSETCATALOG_COMPILER_APPICON_NAME = AppIcon;
				ASSETCATALOG_COMPILER_GLOBAL_ACCENT_COLOR_NAME = AccentColor;
				CODE_SIGN_STYLE = Automatic;
				CURRENT_PROJECT_VERSION = 5;
				DEVELOPMENT_TEAM = 8593R643V2;
				INFOPLIST_FILE = MovementAuth/Info.plist;
				IPHONEOS_DEPLOYMENT_TARGET = 14.5;
				LD_RUNPATH_SEARCH_PATHS = (
					"$(inherited)",
					"@executable_path/Frameworks",
				);
				PRODUCT_BUNDLE_IDENTIFIER = com.donguspino.movementauth;
				PRODUCT_NAME = "$(TARGET_NAME)";
				SWIFT_VERSION = 4.0;
				TARGETED_DEVICE_FAMILY = 1;
			};
			name = Release;
		};
/* End XCBuildConfiguration section */

/* Begin XCConfigurationList section */
		A13092A025EF205D007FF1BA /* Build configuration list for PBXProject "MovementAuth" */ = {
			isa = XCConfigurationList;
			buildConfigurations = (
				A13092B725EF205F007FF1BA /* Debug */,
				A13092B825EF205F007FF1BA /* Release */,
			);
			defaultConfigurationIsVisible = 0;
			defaultConfigurationName = Release;
		};
		A13092B925EF205F007FF1BA /* Build configuration list for PBXNativeTarget "MovementAuth" */ = {
			isa = XCConfigurationList;
			buildConfigurations = (
				A13092BA25EF205F007FF1BA /* Debug */,
				A13092BB25EF205F007FF1BA /* Release */,
			);
			defaultConfigurationIsVisible = 0;
			defaultConfigurationName = Release;
		};
/* End XCConfigurationList section */
	};
	rootObject = A130929D25EF205D007FF1BA /* Project object */;
}
